PODS:
  - HanekeSwift (0.10.1)
  - SwiftyJSON (2.3.2)

DEPENDENCIES:
  - HanekeSwift
  - SwiftyJSON

SPEC CHECKSUMS:
  HanekeSwift: 08e47d3d0f2899ec58e5d257beba0de619aca9e8
  SwiftyJSON: 04ccea08915aa0109039157c7974cf0298da292a

PODFILE CHECKSUM: fccb6bf800940d7d95dde47fe34306265157174c

COCOAPODS: 1.0.1
