// !$*UTF8*$!
{
	archiveVersion = 1;
	classes = {
	};
	objectVersion = 46;
	objects = {

/* Begin PBXBuildFile section */
		035240B8C99010EABD3D8A21 /* CoreTelephony.framework in Frameworks */ = {isa = PBXBuildFile; fileRef = 0DC389AD479B39ED86DF85EB /* CoreTelephony.framework */; };
		126C130BF0512D94FB8AD7AD /* CoreText.framework in Frameworks */ = {isa = PBXBuildFile; fileRef = 86E21CF1186F88C029DEB0E0 /* CoreText.framework */; };
		490A10071CBF79F700A334A3 /* GOTHAM-BOLD.TTF in Resources */ = {isa = PBXBuildFile; fileRef = 490A10061CBF79F700A334A3 /* GOTHAM-BOLD.TTF */; };
		490A10091CBF7BF900A334A3 /* GothamLight.ttf in Resources */ = {isa = PBXBuildFile; fileRef = 490A10081CBF7BF900A334A3 /* GothamLight.ttf */; };
		490A100B1CBF850000A334A3 /* GothamXNarrow-Book.otf in Resources */ = {isa = PBXBuildFile; fileRef = 490A100A1CBF7F5800A334A3 /* GothamXNarrow-Book.otf */; };
		490EA9961CBD78C100F7071D /* Comic.swift in Sources */ = {isa = PBXBuildFile; fileRef = 490EA9951CBD78C100F7071D /* Comic.swift */; };
		4910580C1D50A2BF00595AE1 /* UIImageView+AsyncDownload.swift in Sources */ = {isa = PBXBuildFile; fileRef = 4910580B1D50A2BF00595AE1 /* UIImageView+AsyncDownload.swift */; };
		491466CC1CBEA58E00DAD512 /* ComicCell.swift in Sources */ = {isa = PBXBuildFile; fileRef = 491466CB1CBEA58E00DAD512 /* ComicCell.swift */; };
		491466D01CBECB2900DAD512 /* SuggestionCell.xib in Resources */ = {isa = PBXBuildFile; fileRef = 491466CF1CBECB2900DAD512 /* SuggestionCell.xib */; };
		491466D21CBECBB000DAD512 /* SuggestionCell.swift in Sources */ = {isa = PBXBuildFile; fileRef = 491466D11CBECBB000DAD512 /* SuggestionCell.swift */; };
		491A12171D9E6969001F54AB /* TextPresentable.swift in Sources */ = {isa = PBXBuildFile; fileRef = 491A12161D9E6969001F54AB /* TextPresentable.swift */; };
		491A12191D9E698A001F54AB /* ImagePresentable.swift in Sources */ = {isa = PBXBuildFile; fileRef = 491A12181D9E698A001F54AB /* ImagePresentable.swift */; };
		491B44AC1CBCE394001FE7A5 /* HeroDetailVC.swift in Sources */ = {isa = PBXBuildFile; fileRef = 491B44AB1CBCE394001FE7A5 /* HeroDetailVC.swift */; };
		491E936E1D565709003AA7ED /* imgres.png in Resources */ = {isa = PBXBuildFile; fileRef = 491E936D1D565709003AA7ED /* imgres.png */; };
		49249E4E1DD6015A00E28D6B /* ComicCellModel.swift in Sources */ = {isa = PBXBuildFile; fileRef = 49249E4D1DD6015A00E28D6B /* ComicCellModel.swift */; };
		49287B691DA81B8100203222 /* HeroDetailModel.swift in Sources */ = {isa = PBXBuildFile; fileRef = 49287B681DA81B8100203222 /* HeroDetailModel.swift */; };
		492911811D9316E1000AC9E9 /* SearchHeaderViewCollectionReusableView.swift in Sources */ = {isa = PBXBuildFile; fileRef = 492911801D9316E1000AC9E9 /* SearchHeaderViewCollectionReusableView.swift */; };
		492C5DE81DD8F7C800B4D8C6 /* HeroCellModel.swift in Sources */ = {isa = PBXBuildFile; fileRef = 492C5DE71DD8F7C800B4D8C6 /* HeroCellModel.swift */; };
		492D08D41CBA7E930086D348 /* AppDelegate.swift in Sources */ = {isa = PBXBuildFile; fileRef = 492D08D31CBA7E930086D348 /* AppDelegate.swift */; };
		492D08D61CBA7E930086D348 /* MasterViewController.swift in Sources */ = {isa = PBXBuildFile; fileRef = 492D08D51CBA7E930086D348 /* MasterViewController.swift */; };
		492D08DB1CBA7E930086D348 /* Main.storyboard in Resources */ = {isa = PBXBuildFile; fileRef = 492D08D91CBA7E930086D348 /* Main.storyboard */; };
		492D08DD1CBA7E930086D348 /* Assets.xcassets in Resources */ = {isa = PBXBuildFile; fileRef = 492D08DC1CBA7E930086D348 /* Assets.xcassets */; };
		492D08E01CBA7E930086D348 /* LaunchScreen.storyboard in Resources */ = {isa = PBXBuildFile; fileRef = 492D08DE1CBA7E930086D348 /* LaunchScreen.storyboard */; };
		492D08EB1CBA7E930086D348 /* Marvel_HeroesTests.swift in Sources */ = {isa = PBXBuildFile; fileRef = 492D08EA1CBA7E930086D348 /* Marvel_HeroesTests.swift */; };
		492D08F61CBA7E930086D348 /* Marvel_HeroesUITests.swift in Sources */ = {isa = PBXBuildFile; fileRef = 492D08F51CBA7E930086D348 /* Marvel_HeroesUITests.swift */; };
		492D090A1CBA82730086D348 /* Hero.swift in Sources */ = {isa = PBXBuildFile; fileRef = 492D09091CBA82730086D348 /* Hero.swift */; };
		492D090D1CBA87AF0086D348 /* HeroCell.swift in Sources */ = {isa = PBXBuildFile; fileRef = 492D090C1CBA87AF0086D348 /* HeroCell.swift */; };
		492D09111CBAA2C10086D348 /* Constants.swift in Sources */ = {isa = PBXBuildFile; fileRef = 492D09101CBAA2C10086D348 /* Constants.swift */; };
		493E13181DDAFD4E005EF786 /* SuggestionsModel.swift in Sources */ = {isa = PBXBuildFile; fileRef = 493E13171DDAFD4E005EF786 /* SuggestionsModel.swift */; };
		493E131A1DDB0994005EF786 /* SuggestionCellModel.swift in Sources */ = {isa = PBXBuildFile; fileRef = 493E13191DDB0994005EF786 /* SuggestionCellModel.swift */; };
		496535811CBFE65D00EE587D /* comicsByCharacter.json in Resources */ = {isa = PBXBuildFile; fileRef = 4965357F1CBFE65D00EE587D /* comicsByCharacter.json */; };
		496535821CBFE65D00EE587D /* listCharacters.json in Resources */ = {isa = PBXBuildFile; fileRef = 496535801CBFE65D00EE587D /* listCharacters.json */; };
		4968BE8C1CBBD2400094B53F /* apiClient.swift in Sources */ = {isa = PBXBuildFile; fileRef = 4968BE8B1CBBD2400094B53F /* apiClient.swift */; };
		4968BE901CBBD3580094B53F /* PersistencyManager.swift in Sources */ = {isa = PBXBuildFile; fileRef = 4968BE8F1CBBD3580094B53F /* PersistencyManager.swift */; };
		4968BE921CBBF08B0094B53F /* Parser.swift in Sources */ = {isa = PBXBuildFile; fileRef = 4968BE911CBBF08B0094B53F /* Parser.swift */; };
		4974530B1D49731400221C7B /* listCharacters_response.txt in Resources */ = {isa = PBXBuildFile; fileRef = 4974530A1D49731400221C7B /* listCharacters_response.txt */; };
		4974530D1D49739A00221C7B /* listCharacters_full.json in Resources */ = {isa = PBXBuildFile; fileRef = 4974530C1D49739A00221C7B /* listCharacters_full.json */; };
		4985E2BF1D4518A1004C4AE6 /* MasterViewControllerModel.swift in Sources */ = {isa = PBXBuildFile; fileRef = 4985E2BE1D4518A1004C4AE6 /* MasterViewControllerModel.swift */; };
		498FA3E21CBE48E000502331 /* SuggestionsVC.swift in Sources */ = {isa = PBXBuildFile; fileRef = 498FA3E11CBE48E000502331 /* SuggestionsVC.swift */; };
		49A2F5431D57ED4D00998AE9 /* URL+fetchImage.swift in Sources */ = {isa = PBXBuildFile; fileRef = 49A2F5421D57ED4D00998AE9 /* URL+fetchImage.swift */; };
		49D10A341DAFFCA70004C197 /* Marvel_HeroesTestsMVVM.swift in Sources */ = {isa = PBXBuildFile; fileRef = 49D10A331DAFFCA70004C197 /* Marvel_HeroesTestsMVVM.swift */; };
		49D10A391DB005DB0004C197 /* SpyDelegate.swift in Sources */ = {isa = PBXBuildFile; fileRef = 49D10A381DB005DB0004C197 /* SpyDelegate.swift */; };
		49DA5A061CC05784005A9710 /* UIViewExtensions.swift in Sources */ = {isa = PBXBuildFile; fileRef = 49DA5A051CC05784005A9710 /* UIViewExtensions.swift */; };
		49EB56E81DEE076B0029D685 /* ViewControllerTests.swift in Sources */ = {isa = PBXBuildFile; fileRef = 49EB56E61DEE06450029D685 /* ViewControllerTests.swift */; };
		49FCDBCD1DDA6CFD00B9ADCC /* ModelUpdaterDelegate.swift in Sources */ = {isa = PBXBuildFile; fileRef = 49FCDBCC1DDA6CFD00B9ADCC /* ModelUpdaterDelegate.swift */; };
		5460D93675DEBB7F3AABBF96 /* BuddyBuildSDK.framework in Frameworks */ = {isa = PBXBuildFile; fileRef = 20AB4983A96C054621FF0D8B /* BuddyBuildSDK.framework */; };
		799E043D6E79071AB6AF9A94 /* CoreMedia.framework in Frameworks */ = {isa = PBXBuildFile; fileRef = 438F79245EAC98A9850AF3EB /* CoreMedia.framework */; };
		AABA63229F33BE90C1488397 /* AVFoundation.framework in Frameworks */ = {isa = PBXBuildFile; fileRef = 358296F16CF3DDF9B2B7186C /* AVFoundation.framework */; };
		AB4D4747EABF8D3C3313CF57 /* SystemConfiguration.framework in Frameworks */ = {isa = PBXBuildFile; fileRef = B2AD3743C0FE1A94ED4DE335 /* SystemConfiguration.framework */; };
		B34F0453B0E22BEB0C6449B3 /* QuartzCore.framework in Frameworks */ = {isa = PBXBuildFile; fileRef = 469670263AF92125E4CFACAB /* QuartzCore.framework */; };
		D457DF523661180A57B65D6B /* CoreVideo.framework in Frameworks */ = {isa = PBXBuildFile; fileRef = B0D27ECEDB8FE81DECCFE90E /* CoreVideo.framework */; };
		EB9A86323EB27BCBFD166D58 /* AssetsLibrary.framework in Frameworks */ = {isa = PBXBuildFile; fileRef = 56B4D8AB9A32292F5E0EA352 /* AssetsLibrary.framework */; };
/* End PBXBuildFile section */

/* Begin PBXContainerItemProxy section */
		492D08E71CBA7E930086D348 /* PBXContainerItemProxy */ = {
			isa = PBXContainerItemProxy;
			containerPortal = 492D08C81CBA7E930086D348 /* Project object */;
			proxyType = 1;
			remoteGlobalIDString = 492D08CF1CBA7E930086D348;
			remoteInfo = "Marvel Heroes";
		};
		492D08F21CBA7E930086D348 /* PBXContainerItemProxy */ = {
			isa = PBXContainerItemProxy;
			containerPortal = 492D08C81CBA7E930086D348 /* Project object */;
			proxyType = 1;
			remoteGlobalIDString = 492D08CF1CBA7E930086D348;
			remoteInfo = "Marvel Heroes";
		};
/* End PBXContainerItemProxy section */

/* Begin PBXFileReference section */
		0DC389AD479B39ED86DF85EB /* CoreTelephony.framework */ = {isa = PBXFileReference; lastKnownFileType = wrapper.framework; name = CoreTelephony.framework; path = System/Library/Frameworks/CoreTelephony.framework; sourceTree = SDKROOT; };
		20AB4983A96C054621FF0D8B /* BuddyBuildSDK.framework */ = {isa = PBXFileReference; lastKnownFileType = wrapper.framework; path = BuddyBuildSDK.framework; sourceTree = "<group>"; };
		34B9555A8FED6C06DAD12DA4 /* Bridging-Header.h */ = {isa = PBXFileReference; includeInIndex = 1; lastKnownFileType = sourcecode.c.h; path = "Bridging-Header.h"; sourceTree = "<group>"; };
		358296F16CF3DDF9B2B7186C /* AVFoundation.framework */ = {isa = PBXFileReference; lastKnownFileType = wrapper.framework; name = AVFoundation.framework; path = System/Library/Frameworks/AVFoundation.framework; sourceTree = SDKROOT; };
		359BD187187A716F280703BE /* Pods.framework */ = {isa = PBXFileReference; explicitFileType = wrapper.framework; includeInIndex = 0; path = Pods.framework; sourceTree = BUILT_PRODUCTS_DIR; };
		438F79245EAC98A9850AF3EB /* CoreMedia.framework */ = {isa = PBXFileReference; lastKnownFileType = wrapper.framework; name = CoreMedia.framework; path = System/Library/Frameworks/CoreMedia.framework; sourceTree = SDKROOT; };
		469670263AF92125E4CFACAB /* QuartzCore.framework */ = {isa = PBXFileReference; lastKnownFileType = wrapper.framework; name = QuartzCore.framework; path = System/Library/Frameworks/QuartzCore.framework; sourceTree = SDKROOT; };
		490A10061CBF79F700A334A3 /* GOTHAM-BOLD.TTF */ = {isa = PBXFileReference; lastKnownFileType = file; name = "GOTHAM-BOLD.TTF"; path = "UI/GOTHAM-BOLD.TTF"; sourceTree = "<group>"; };
		490A10081CBF7BF900A334A3 /* GothamLight.ttf */ = {isa = PBXFileReference; lastKnownFileType = file; name = GothamLight.ttf; path = UI/GothamLight.ttf; sourceTree = "<group>"; };
		490A100A1CBF7F5800A334A3 /* GothamXNarrow-Book.otf */ = {isa = PBXFileReference; lastKnownFileType = file; name = "GothamXNarrow-Book.otf"; path = "UI/GothamXNarrow-Book.otf"; sourceTree = "<group>"; };
		490EA9951CBD78C100F7071D /* Comic.swift */ = {isa = PBXFileReference; fileEncoding = 4; lastKnownFileType = sourcecode.swift; name = Comic.swift; path = Model/Comic.swift; sourceTree = "<group>"; };
		4910580B1D50A2BF00595AE1 /* UIImageView+AsyncDownload.swift */ = {isa = PBXFileReference; fileEncoding = 4; lastKnownFileType = sourcecode.swift; name = "UIImageView+AsyncDownload.swift"; path = "Extensions/UIImageView+AsyncDownload.swift"; sourceTree = "<group>"; };
		491466CB1CBEA58E00DAD512 /* ComicCell.swift */ = {isa = PBXFileReference; fileEncoding = 4; lastKnownFileType = sourcecode.swift; name = ComicCell.swift; path = Views/ComicCell.swift; sourceTree = "<group>"; };
		491466CF1CBECB2900DAD512 /* SuggestionCell.xib */ = {isa = PBXFileReference; fileEncoding = 4; lastKnownFileType = file.xib; name = SuggestionCell.xib; path = Views/SuggestionCell.xib; sourceTree = "<group>"; };
		491466D11CBECBB000DAD512 /* SuggestionCell.swift */ = {isa = PBXFileReference; fileEncoding = 4; lastKnownFileType = sourcecode.swift; name = SuggestionCell.swift; path = Views/SuggestionCell.swift; sourceTree = "<group>"; };
		491A12161D9E6969001F54AB /* TextPresentable.swift */ = {isa = PBXFileReference; fileEncoding = 4; lastKnownFileType = sourcecode.swift; name = TextPresentable.swift; path = Protocols/TextPresentable.swift; sourceTree = "<group>"; };
		491A12181D9E698A001F54AB /* ImagePresentable.swift */ = {isa = PBXFileReference; fileEncoding = 4; lastKnownFileType = sourcecode.swift; name = ImagePresentable.swift; path = Protocols/ImagePresentable.swift; sourceTree = "<group>"; };
		491B44AB1CBCE394001FE7A5 /* HeroDetailVC.swift */ = {isa = PBXFileReference; fileEncoding = 4; lastKnownFileType = sourcecode.swift; name = HeroDetailVC.swift; path = Views/HeroDetailVC.swift; sourceTree = "<group>"; };
		491E936C1D565533003AA7ED /* TestsPlayground.playground */ = {isa = PBXFileReference; lastKnownFileType = file.playground; path = TestsPlayground.playground; sourceTree = "<group>"; };
		491E936D1D565709003AA7ED /* imgres.png */ = {isa = PBXFileReference; lastKnownFileType = image.png; path = imgres.png; sourceTree = "<group>"; };
		49249E4D1DD6015A00E28D6B /* ComicCellModel.swift */ = {isa = PBXFileReference; fileEncoding = 4; lastKnownFileType = sourcecode.swift; name = ComicCellModel.swift; path = Controllers/ComicCellModel.swift; sourceTree = "<group>"; };
		49287B681DA81B8100203222 /* HeroDetailModel.swift */ = {isa = PBXFileReference; fileEncoding = 4; lastKnownFileType = sourcecode.swift; name = HeroDetailModel.swift; path = Controllers/HeroDetailModel.swift; sourceTree = "<group>"; };
		492911801D9316E1000AC9E9 /* SearchHeaderViewCollectionReusableView.swift */ = {isa = PBXFileReference; fileEncoding = 4; lastKnownFileType = sourcecode.swift; name = SearchHeaderViewCollectionReusableView.swift; path = Views/SearchHeaderViewCollectionReusableView.swift; sourceTree = "<group>"; };
		492C5DE71DD8F7C800B4D8C6 /* HeroCellModel.swift */ = {isa = PBXFileReference; fileEncoding = 4; lastKnownFileType = sourcecode.swift; name = HeroCellModel.swift; path = Controllers/HeroCellModel.swift; sourceTree = "<group>"; };
		492D08D01CBA7E930086D348 /* Marvel Heroes.app */ = {isa = PBXFileReference; explicitFileType = wrapper.application; includeInIndex = 0; path = "Marvel Heroes.app"; sourceTree = BUILT_PRODUCTS_DIR; };
		492D08D31CBA7E930086D348 /* AppDelegate.swift */ = {isa = PBXFileReference; lastKnownFileType = sourcecode.swift; path = AppDelegate.swift; sourceTree = "<group>"; };
		492D08D51CBA7E930086D348 /* MasterViewController.swift */ = {isa = PBXFileReference; lastKnownFileType = sourcecode.swift; name = MasterViewController.swift; path = Controllers/MasterViewController.swift; sourceTree = "<group>"; };
		492D08DA1CBA7E930086D348 /* Base */ = {isa = PBXFileReference; lastKnownFileType = file.storyboard; name = Base; path = Base.lproj/Main.storyboard; sourceTree = "<group>"; };
		492D08DC1CBA7E930086D348 /* Assets.xcassets */ = {isa = PBXFileReference; lastKnownFileType = folder.assetcatalog; path = Assets.xcassets; sourceTree = "<group>"; };
		492D08DF1CBA7E930086D348 /* Base */ = {isa = PBXFileReference; lastKnownFileType = file.storyboard; name = Base; path = Base.lproj/LaunchScreen.storyboard; sourceTree = "<group>"; };
		492D08E11CBA7E930086D348 /* Info.plist */ = {isa = PBXFileReference; lastKnownFileType = text.plist.xml; path = Info.plist; sourceTree = "<group>"; };
		492D08E61CBA7E930086D348 /* Marvel HeroesTests.xctest */ = {isa = PBXFileReference; explicitFileType = wrapper.cfbundle; includeInIndex = 0; path = "Marvel HeroesTests.xctest"; sourceTree = BUILT_PRODUCTS_DIR; };
		492D08EA1CBA7E930086D348 /* Marvel_HeroesTests.swift */ = {isa = PBXFileReference; lastKnownFileType = sourcecode.swift; path = Marvel_HeroesTests.swift; sourceTree = "<group>"; };
		492D08EC1CBA7E930086D348 /* Info.plist */ = {isa = PBXFileReference; lastKnownFileType = text.plist.xml; path = Info.plist; sourceTree = "<group>"; };
		492D08F11CBA7E930086D348 /* Marvel HeroesUITests.xctest */ = {isa = PBXFileReference; explicitFileType = wrapper.cfbundle; includeInIndex = 0; path = "Marvel HeroesUITests.xctest"; sourceTree = BUILT_PRODUCTS_DIR; };
		492D08F51CBA7E930086D348 /* Marvel_HeroesUITests.swift */ = {isa = PBXFileReference; lastKnownFileType = sourcecode.swift; path = Marvel_HeroesUITests.swift; sourceTree = "<group>"; };
		492D08F71CBA7E930086D348 /* Info.plist */ = {isa = PBXFileReference; lastKnownFileType = text.plist.xml; path = Info.plist; sourceTree = "<group>"; };
		492D09091CBA82730086D348 /* Hero.swift */ = {isa = PBXFileReference; fileEncoding = 4; lastKnownFileType = sourcecode.swift; name = Hero.swift; path = Model/Hero.swift; sourceTree = "<group>"; };
		492D090C1CBA87AF0086D348 /* HeroCell.swift */ = {isa = PBXFileReference; fileEncoding = 4; lastKnownFileType = sourcecode.swift; name = HeroCell.swift; path = Views/HeroCell.swift; sourceTree = "<group>"; };
		492D09101CBAA2C10086D348 /* Constants.swift */ = {isa = PBXFileReference; fileEncoding = 4; lastKnownFileType = sourcecode.swift; name = Constants.swift; path = Helpers/Constants.swift; sourceTree = "<group>"; };
		493E13171DDAFD4E005EF786 /* SuggestionsModel.swift */ = {isa = PBXFileReference; fileEncoding = 4; lastKnownFileType = sourcecode.swift; name = SuggestionsModel.swift; path = Controllers/SuggestionsModel.swift; sourceTree = "<group>"; };
		493E13191DDB0994005EF786 /* SuggestionCellModel.swift */ = {isa = PBXFileReference; fileEncoding = 4; lastKnownFileType = sourcecode.swift; name = SuggestionCellModel.swift; path = Controllers/SuggestionCellModel.swift; sourceTree = "<group>"; };
		4965357F1CBFE65D00EE587D /* comicsByCharacter.json */ = {isa = PBXFileReference; fileEncoding = 4; lastKnownFileType = text.json; path = comicsByCharacter.json; sourceTree = "<group>"; };
		496535801CBFE65D00EE587D /* listCharacters.json */ = {isa = PBXFileReference; fileEncoding = 4; lastKnownFileType = text.json; path = listCharacters.json; sourceTree = "<group>"; };
		4968BE8B1CBBD2400094B53F /* apiClient.swift */ = {isa = PBXFileReference; fileEncoding = 4; lastKnownFileType = sourcecode.swift; name = apiClient.swift; path = Services/apiClient.swift; sourceTree = "<group>"; };
		4968BE8F1CBBD3580094B53F /* PersistencyManager.swift */ = {isa = PBXFileReference; fileEncoding = 4; lastKnownFileType = sourcecode.swift; name = PersistencyManager.swift; path = Services/PersistencyManager.swift; sourceTree = "<group>"; };
		4968BE911CBBF08B0094B53F /* Parser.swift */ = {isa = PBXFileReference; fileEncoding = 4; lastKnownFileType = sourcecode.swift; name = Parser.swift; path = Services/Parser.swift; sourceTree = "<group>"; };
		4974530A1D49731400221C7B /* listCharacters_response.txt */ = {isa = PBXFileReference; fileEncoding = 4; lastKnownFileType = text; path = listCharacters_response.txt; sourceTree = "<group>"; };
		4974530C1D49739A00221C7B /* listCharacters_full.json */ = {isa = PBXFileReference; fileEncoding = 4; lastKnownFileType = text.json; path = listCharacters_full.json; sourceTree = "<group>"; };
		4985E2BE1D4518A1004C4AE6 /* MasterViewControllerModel.swift */ = {isa = PBXFileReference; fileEncoding = 4; lastKnownFileType = sourcecode.swift; name = MasterViewControllerModel.swift; path = Controllers/MasterViewControllerModel.swift; sourceTree = "<group>"; };
		498FA3E11CBE48E000502331 /* SuggestionsVC.swift */ = {isa = PBXFileReference; fileEncoding = 4; lastKnownFileType = sourcecode.swift; name = SuggestionsVC.swift; path = Controllers/SuggestionsVC.swift; sourceTree = "<group>"; };
		49A2F5421D57ED4D00998AE9 /* URL+fetchImage.swift */ = {isa = PBXFileReference; fileEncoding = 4; lastKnownFileType = sourcecode.swift; name = "URL+fetchImage.swift"; path = "Extensions/URL+fetchImage.swift"; sourceTree = "<group>"; };
		49D10A331DAFFCA70004C197 /* Marvel_HeroesTestsMVVM.swift */ = {isa = PBXFileReference; fileEncoding = 4; lastKnownFileType = sourcecode.swift; path = Marvel_HeroesTestsMVVM.swift; sourceTree = "<group>"; };
		49D10A381DB005DB0004C197 /* SpyDelegate.swift */ = {isa = PBXFileReference; fileEncoding = 4; lastKnownFileType = sourcecode.swift; path = SpyDelegate.swift; sourceTree = "<group>"; };
		49DA5A051CC05784005A9710 /* UIViewExtensions.swift */ = {isa = PBXFileReference; fileEncoding = 4; lastKnownFileType = sourcecode.swift; path = UIViewExtensions.swift; sourceTree = "<group>"; };
		49EB56E61DEE06450029D685 /* ViewControllerTests.swift */ = {isa = PBXFileReference; fileEncoding = 4; lastKnownFileType = sourcecode.swift; path = ViewControllerTests.swift; sourceTree = "<group>"; };
		49FCDBCC1DDA6CFD00B9ADCC /* ModelUpdaterDelegate.swift */ = {isa = PBXFileReference; fileEncoding = 4; lastKnownFileType = sourcecode.swift; path = ModelUpdaterDelegate.swift; sourceTree = "<group>"; };
		56B4D8AB9A32292F5E0EA352 /* AssetsLibrary.framework */ = {isa = PBXFileReference; lastKnownFileType = wrapper.framework; name = AssetsLibrary.framework; path = System/Library/Frameworks/AssetsLibrary.framework; sourceTree = SDKROOT; };
		86E21CF1186F88C029DEB0E0 /* CoreText.framework */ = {isa = PBXFileReference; lastKnownFileType = wrapper.framework; name = CoreText.framework; path = System/Library/Frameworks/CoreText.framework; sourceTree = SDKROOT; };
		B0D27ECEDB8FE81DECCFE90E /* CoreVideo.framework */ = {isa = PBXFileReference; lastKnownFileType = wrapper.framework; name = CoreVideo.framework; path = System/Library/Frameworks/CoreVideo.framework; sourceTree = SDKROOT; };
		B2AD3743C0FE1A94ED4DE335 /* SystemConfiguration.framework */ = {isa = PBXFileReference; lastKnownFileType = wrapper.framework; name = SystemConfiguration.framework; path = System/Library/Frameworks/SystemConfiguration.framework; sourceTree = SDKROOT; };
/* End PBXFileReference section */

/* Begin PBXFrameworksBuildPhase section */
		492D08CD1CBA7E930086D348 /* Frameworks */ = {
			isa = PBXFrameworksBuildPhase;
			buildActionMask = 2147483647;
			files = (
				5460D93675DEBB7F3AABBF96 /* BuddyBuildSDK.framework in Frameworks */,
				EB9A86323EB27BCBFD166D58 /* AssetsLibrary.framework in Frameworks */,
				126C130BF0512D94FB8AD7AD /* CoreText.framework in Frameworks */,
				035240B8C99010EABD3D8A21 /* CoreTelephony.framework in Frameworks */,
				AB4D4747EABF8D3C3313CF57 /* SystemConfiguration.framework in Frameworks */,
				B34F0453B0E22BEB0C6449B3 /* QuartzCore.framework in Frameworks */,
				AABA63229F33BE90C1488397 /* AVFoundation.framework in Frameworks */,
				799E043D6E79071AB6AF9A94 /* CoreMedia.framework in Frameworks */,
				D457DF523661180A57B65D6B /* CoreVideo.framework in Frameworks */,
			);
			runOnlyForDeploymentPostprocessing = 0;
		};
		492D08E31CBA7E930086D348 /* Frameworks */ = {
			isa = PBXFrameworksBuildPhase;
			buildActionMask = 2147483647;
			files = (
			);
			runOnlyForDeploymentPostprocessing = 0;
		};
		492D08EE1CBA7E930086D348 /* Frameworks */ = {
			isa = PBXFrameworksBuildPhase;
			buildActionMask = 2147483647;
			files = (
			);
			runOnlyForDeploymentPostprocessing = 0;
		};
/* End PBXFrameworksBuildPhase section */

/* Begin PBXGroup section */
		490A10051CBF79E400A334A3 /* 📲 UI */ = {
			isa = PBXGroup;
			children = (
				490A100A1CBF7F5800A334A3 /* GothamXNarrow-Book.otf */,
				490A10061CBF79F700A334A3 /* GOTHAM-BOLD.TTF */,
				490A10081CBF7BF900A334A3 /* GothamLight.ttf */,
				491E936D1D565709003AA7ED /* imgres.png */,
			);
			name = "📲 UI";
			sourceTree = "<group>";
		};
		490EA98E1CBD1C4500F7071D /* Layouts */ = {
			isa = PBXGroup;
			children = (
			);
			name = Layouts;
			path = ..;
			sourceTree = "<group>";
		};
		4910580D1D50A2D600595AE1 /* ➕ Extensions */ = {
			isa = PBXGroup;
			children = (
				4910580B1D50A2BF00595AE1 /* UIImageView+AsyncDownload.swift */,
				49A2F5421D57ED4D00998AE9 /* URL+fetchImage.swift */,
				49DA5A051CC05784005A9710 /* UIViewExtensions.swift */,
			);
			name = "➕ Extensions";
			sourceTree = "<group>";
		};
		491A12151D9E691E001F54AB /* 🤖 Protocols */ = {
			isa = PBXGroup;
			children = (
				49FCDBCC1DDA6CFD00B9ADCC /* ModelUpdaterDelegate.swift */,
				491A12161D9E6969001F54AB /* TextPresentable.swift */,
				491A12181D9E698A001F54AB /* ImagePresentable.swift */,
			);
			name = "🤖 Protocols";
			sourceTree = "<group>";
		};
		492C5DE61DD8D79700B4D8C6 /* 🔍 Search Heroes */ = {
			isa = PBXGroup;
			children = (
				498FA3E11CBE48E000502331 /* SuggestionsVC.swift */,
				493E13171DDAFD4E005EF786 /* SuggestionsModel.swift */,
				493E13191DDB0994005EF786 /* SuggestionCellModel.swift */,
				491466CF1CBECB2900DAD512 /* SuggestionCell.xib */,
				491466D11CBECBB000DAD512 /* SuggestionCell.swift */,
			);
			name = "🔍 Search Heroes";
			sourceTree = "<group>";
		};
		492D08C71CBA7E930086D348 = {
			isa = PBXGroup;
			children = (
				492D08D21CBA7E930086D348 /* 📱Marvel Heroes */,
				492D08E91CBA7E930086D348 /* ✅ Marvel HeroesTests */,
				492D08F41CBA7E930086D348 /* ✅ Marvel HeroesUITests */,
				492D08D11CBA7E930086D348 /* 🎁 Products */,
				B429D0EA3E5B5F72A63B1093 /* Frameworks */,
				34B9555A8FED6C06DAD12DA4 /* Bridging-Header.h */,
			);
			sourceTree = "<group>";
		};
		492D08D11CBA7E930086D348 /* 🎁 Products */ = {
			isa = PBXGroup;
			children = (
				492D08D01CBA7E930086D348 /* Marvel Heroes.app */,
				492D08E61CBA7E930086D348 /* Marvel HeroesTests.xctest */,
				492D08F11CBA7E930086D348 /* Marvel HeroesUITests.xctest */,
			);
			name = "🎁 Products";
			sourceTree = "<group>";
		};
		492D08D21CBA7E930086D348 /* 📱Marvel Heroes */ = {
			isa = PBXGroup;
			children = (
				492D08D31CBA7E930086D348 /* AppDelegate.swift */,
				491A12151D9E691E001F54AB /* 🤖 Protocols */,
				4968BE8E1CBBD2610094B53F /* 🆘 Helpers */,
				4910580D1D50A2D600595AE1 /* ➕ Extensions */,
				4968BE8D1CBBD2460094B53F /* 🎩 Services */,
				492D090B1CBA827B0086D348 /* 👯 Model */,
				492D090E1CBA87BA0086D348 /* 🖼 Views */,
				492D090F1CBAA09B0086D348 /* 🎥 Scenes */,
				490A10051CBF79E400A334A3 /* 📲 UI */,
				490EA98E1CBD1C4500F7071D /* Layouts */,
				492D08DC1CBA7E930086D348 /* Assets.xcassets */,
				492D08E11CBA7E930086D348 /* Info.plist */,
				491E936C1D565533003AA7ED /* TestsPlayground.playground */,
			);
			name = "📱Marvel Heroes";
			path = "Marvel Heroes";
			sourceTree = "<group>";
		};
		492D08E91CBA7E930086D348 /* ✅ Marvel HeroesTests */ = {
			isa = PBXGroup;
			children = (
				492D08EA1CBA7E930086D348 /* Marvel_HeroesTests.swift */,
				49D10A331DAFFCA70004C197 /* Marvel_HeroesTestsMVVM.swift */,
				49EB56E61DEE06450029D685 /* ViewControllerTests.swift */,
				49D10A381DB005DB0004C197 /* SpyDelegate.swift */,
				4965357F1CBFE65D00EE587D /* comicsByCharacter.json */,
				4974530C1D49739A00221C7B /* listCharacters_full.json */,
				496535801CBFE65D00EE587D /* listCharacters.json */,
				4974530A1D49731400221C7B /* listCharacters_response.txt */,
				492D08EC1CBA7E930086D348 /* Info.plist */,
			);
			name = "✅ Marvel HeroesTests";
			path = "Marvel HeroesTests";
			sourceTree = "<group>";
		};
		492D08F41CBA7E930086D348 /* ✅ Marvel HeroesUITests */ = {
			isa = PBXGroup;
			children = (
				492D08F51CBA7E930086D348 /* Marvel_HeroesUITests.swift */,
				492D08F71CBA7E930086D348 /* Info.plist */,
			);
			name = "✅ Marvel HeroesUITests";
			path = "Marvel HeroesUITests";
			sourceTree = "<group>";
		};
		492D090B1CBA827B0086D348 /* 👯 Model */ = {
			isa = PBXGroup;
			children = (
				492D09091CBA82730086D348 /* Hero.swift */,
				490EA9951CBD78C100F7071D /* Comic.swift */,
			);
			name = "👯 Model";
			sourceTree = "<group>";
		};
		492D090E1CBA87BA0086D348 /* 🖼 Views */ = {
			isa = PBXGroup;
			children = (
				492D08D91CBA7E930086D348 /* Main.storyboard */,
				492D08DE1CBA7E930086D348 /* LaunchScreen.storyboard */,
				492911801D9316E1000AC9E9 /* SearchHeaderViewCollectionReusableView.swift */,
			);
			name = "🖼 Views";
			sourceTree = "<group>";
		};
		492D090F1CBAA09B0086D348 /* 🎥 Scenes */ = {
			isa = PBXGroup;
			children = (
				4985E2BD1D45133C004C4AE6 /* 👓 Browse Heroes */,
				492C5DE61DD8D79700B4D8C6 /* 🔍 Search Heroes */,
				49731CB81D48093300C19886 /* 👤 View Hero Details */,
			);
			name = "🎥 Scenes";
			sourceTree = "<group>";
		};
		495BF0921CBFF9B600BCECD8 /* ⚙ APIs */ = {
			isa = PBXGroup;
			children = (
				4968BE8F1CBBD3580094B53F /* PersistencyManager.swift */,
				4968BE911CBBF08B0094B53F /* Parser.swift */,
			);
			name = "⚙ APIs";
			sourceTree = "<group>";
		};
		4968BE8D1CBBD2460094B53F /* 🎩 Services */ = {
			isa = PBXGroup;
			children = (
				4968BE8B1CBBD2400094B53F /* apiClient.swift */,
				495BF0921CBFF9B600BCECD8 /* ⚙ APIs */,
			);
			name = "🎩 Services";
			sourceTree = "<group>";
		};
		4968BE8E1CBBD2610094B53F /* 🆘 Helpers */ = {
			isa = PBXGroup;
			children = (
				492D09101CBAA2C10086D348 /* Constants.swift */,
			);
			name = "🆘 Helpers";
			sourceTree = "<group>";
		};
		49731CB81D48093300C19886 /* 👤 View Hero Details */ = {
			isa = PBXGroup;
			children = (
				491B44AB1CBCE394001FE7A5 /* HeroDetailVC.swift */,
				49287B681DA81B8100203222 /* HeroDetailModel.swift */,
				49249E4D1DD6015A00E28D6B /* ComicCellModel.swift */,
				491466CB1CBEA58E00DAD512 /* ComicCell.swift */,
			);
			name = "👤 View Hero Details";
			sourceTree = "<group>";
		};
		4985E2BD1D45133C004C4AE6 /* 👓 Browse Heroes */ = {
			isa = PBXGroup;
			children = (
				492D08D51CBA7E930086D348 /* MasterViewController.swift */,
				4985E2BE1D4518A1004C4AE6 /* MasterViewControllerModel.swift */,
				492C5DE71DD8F7C800B4D8C6 /* HeroCellModel.swift */,
				492D090C1CBA87AF0086D348 /* HeroCell.swift */,
			);
			name = "👓 Browse Heroes";
			sourceTree = "<group>";
		};
		B429D0EA3E5B5F72A63B1093 /* Frameworks */ = {
			isa = PBXGroup;
			children = (
				359BD187187A716F280703BE /* Pods.framework */,
				20AB4983A96C054621FF0D8B /* BuddyBuildSDK.framework */,
				56B4D8AB9A32292F5E0EA352 /* AssetsLibrary.framework */,
				86E21CF1186F88C029DEB0E0 /* CoreText.framework */,
				0DC389AD479B39ED86DF85EB /* CoreTelephony.framework */,
				B2AD3743C0FE1A94ED4DE335 /* SystemConfiguration.framework */,
				469670263AF92125E4CFACAB /* QuartzCore.framework */,
				358296F16CF3DDF9B2B7186C /* AVFoundation.framework */,
				438F79245EAC98A9850AF3EB /* CoreMedia.framework */,
				B0D27ECEDB8FE81DECCFE90E /* CoreVideo.framework */,
			);
			name = Frameworks;
			sourceTree = "<group>";
		};
/* End PBXGroup section */

/* Begin PBXNativeTarget section */
		492D08CF1CBA7E930086D348 /* Marvel Heroes */ = {
			isa = PBXNativeTarget;
			buildConfigurationList = 492D08FA1CBA7E930086D348 /* Build configuration list for PBXNativeTarget "Marvel Heroes" */;
			buildPhases = (
				492D08CC1CBA7E930086D348 /* Sources */,
				492D08CD1CBA7E930086D348 /* Frameworks */,
				492D08CE1CBA7E930086D348 /* Resources */,
			);
			buildRules = (
			);
			dependencies = (
			);
			name = "Marvel Heroes";
			productName = "Marvel Heroes";
			productReference = 492D08D01CBA7E930086D348 /* Marvel Heroes.app */;
			productType = "com.apple.product-type.application";
		};
		492D08E51CBA7E930086D348 /* Marvel HeroesTests */ = {
			isa = PBXNativeTarget;
			buildConfigurationList = 492D08FD1CBA7E930086D348 /* Build configuration list for PBXNativeTarget "Marvel HeroesTests" */;
			buildPhases = (
				492D08E21CBA7E930086D348 /* Sources */,
				492D08E31CBA7E930086D348 /* Frameworks */,
				492D08E41CBA7E930086D348 /* Resources */,
			);
			buildRules = (
			);
			dependencies = (
				492D08E81CBA7E930086D348 /* PBXTargetDependency */,
			);
			name = "Marvel HeroesTests";
			productName = "Marvel HeroesTests";
			productReference = 492D08E61CBA7E930086D348 /* Marvel HeroesTests.xctest */;
			productType = "com.apple.product-type.bundle.unit-test";
		};
		492D08F01CBA7E930086D348 /* Marvel HeroesUITests */ = {
			isa = PBXNativeTarget;
			buildConfigurationList = 492D09001CBA7E930086D348 /* Build configuration list for PBXNativeTarget "Marvel HeroesUITests" */;
			buildPhases = (
				492D08ED1CBA7E930086D348 /* Sources */,
				492D08EE1CBA7E930086D348 /* Frameworks */,
				492D08EF1CBA7E930086D348 /* Resources */,
			);
			buildRules = (
			);
			dependencies = (
				492D08F31CBA7E930086D348 /* PBXTargetDependency */,
			);
			name = "Marvel HeroesUITests";
			productName = "Marvel HeroesUITests";
			productReference = 492D08F11CBA7E930086D348 /* Marvel HeroesUITests.xctest */;
			productType = "com.apple.product-type.bundle.ui-testing";
		};
/* End PBXNativeTarget section */

/* Begin PBXProject section */
		492D08C81CBA7E930086D348 /* Project object */ = {
			isa = PBXProject;
			attributes = {
				KnownAssetTags = (
					characterList,
					comicsByCharacter,
				);
				LastSwiftUpdateCheck = 0730;
				LastUpgradeCheck = 0800;
				ORGANIZATIONNAME = SPM;
				TargetAttributes = {
					492D08CF1CBA7E930086D348 = {
						CreatedOnToolsVersion = 7.3;
						DevelopmentTeam = GM2F4EG66J;
						LastSwiftMigration = 0900;
						ProvisioningStyle = Automatic;
					};
					492D08E51CBA7E930086D348 = {
						CreatedOnToolsVersion = 7.3;
						DevelopmentTeam = GM2F4EG66J;
						LastSwiftMigration = 0900;
						TestTargetID = 492D08CF1CBA7E930086D348;
					};
					492D08F01CBA7E930086D348 = {
						CreatedOnToolsVersion = 7.3;
						DevelopmentTeam = GM2F4EG66J;
						LastSwiftMigration = 0900;
						TestTargetID = 492D08CF1CBA7E930086D348;
					};
				};
			};
			buildConfigurationList = 492D08CB1CBA7E930086D348 /* Build configuration list for PBXProject "Marvel Heroes" */;
			compatibilityVersion = "Xcode 3.2";
			developmentRegion = English;
			hasScannedForEncodings = 0;
			knownRegions = (
				en,
				Base,
			);
			mainGroup = 492D08C71CBA7E930086D348;
			productRefGroup = 492D08D11CBA7E930086D348 /* 🎁 Products */;
			projectDirPath = "";
			projectRoot = "";
			targets = (
				492D08CF1CBA7E930086D348 /* Marvel Heroes */,
				492D08E51CBA7E930086D348 /* Marvel HeroesTests */,
				492D08F01CBA7E930086D348 /* Marvel HeroesUITests */,
			);
		};
/* End PBXProject section */

/* Begin PBXResourcesBuildPhase section */
		492D08CE1CBA7E930086D348 /* Resources */ = {
			isa = PBXResourcesBuildPhase;
			buildActionMask = 2147483647;
			files = (
				491466D01CBECB2900DAD512 /* SuggestionCell.xib in Resources */,
				492D08E01CBA7E930086D348 /* LaunchScreen.storyboard in Resources */,
				490A10091CBF7BF900A334A3 /* GothamLight.ttf in Resources */,
				492D08DD1CBA7E930086D348 /* Assets.xcassets in Resources */,
				491E936E1D565709003AA7ED /* imgres.png in Resources */,
				490A10071CBF79F700A334A3 /* GOTHAM-BOLD.TTF in Resources */,
				490A100B1CBF850000A334A3 /* GothamXNarrow-Book.otf in Resources */,
				492D08DB1CBA7E930086D348 /* Main.storyboard in Resources */,
			);
			runOnlyForDeploymentPostprocessing = 0;
		};
		492D08E41CBA7E930086D348 /* Resources */ = {
			isa = PBXResourcesBuildPhase;
			buildActionMask = 2147483647;
			files = (
				496535811CBFE65D00EE587D /* comicsByCharacter.json in Resources */,
				4974530B1D49731400221C7B /* listCharacters_response.txt in Resources */,
				4974530D1D49739A00221C7B /* listCharacters_full.json in Resources */,
				496535821CBFE65D00EE587D /* listCharacters.json in Resources */,
			);
			runOnlyForDeploymentPostprocessing = 0;
		};
		492D08EF1CBA7E930086D348 /* Resources */ = {
			isa = PBXResourcesBuildPhase;
			buildActionMask = 2147483647;
			files = (
			);
			runOnlyForDeploymentPostprocessing = 0;
		};
/* End PBXResourcesBuildPhase section */

/* Begin PBXSourcesBuildPhase section */
		492D08CC1CBA7E930086D348 /* Sources */ = {
			isa = PBXSourcesBuildPhase;
			buildActionMask = 2147483647;
			files = (
				492C5DE81DD8F7C800B4D8C6 /* HeroCellModel.swift in Sources */,
				493E131A1DDB0994005EF786 /* SuggestionCellModel.swift in Sources */,
				491A12171D9E6969001F54AB /* TextPresentable.swift in Sources */,
				49249E4E1DD6015A00E28D6B /* ComicCellModel.swift in Sources */,
				490EA9961CBD78C100F7071D /* Comic.swift in Sources */,
				49A2F5431D57ED4D00998AE9 /* URL+fetchImage.swift in Sources */,
				498FA3E21CBE48E000502331 /* SuggestionsVC.swift in Sources */,
				49FCDBCD1DDA6CFD00B9ADCC /* ModelUpdaterDelegate.swift in Sources */,
				491466CC1CBEA58E00DAD512 /* ComicCell.swift in Sources */,
				4968BE921CBBF08B0094B53F /* Parser.swift in Sources */,
				492D090D1CBA87AF0086D348 /* HeroCell.swift in Sources */,
				4968BE8C1CBBD2400094B53F /* apiClient.swift in Sources */,
				491466D21CBECBB000DAD512 /* SuggestionCell.swift in Sources */,
				491A12191D9E698A001F54AB /* ImagePresentable.swift in Sources */,
				4910580C1D50A2BF00595AE1 /* UIImageView+AsyncDownload.swift in Sources */,
				491B44AC1CBCE394001FE7A5 /* HeroDetailVC.swift in Sources */,
				493E13181DDAFD4E005EF786 /* SuggestionsModel.swift in Sources */,
				49DA5A061CC05784005A9710 /* UIViewExtensions.swift in Sources */,
				492D090A1CBA82730086D348 /* Hero.swift in Sources */,
				492D08D61CBA7E930086D348 /* MasterViewController.swift in Sources */,
				492D08D41CBA7E930086D348 /* AppDelegate.swift in Sources */,
				4985E2BF1D4518A1004C4AE6 /* MasterViewControllerModel.swift in Sources */,
				49287B691DA81B8100203222 /* HeroDetailModel.swift in Sources */,
				492D09111CBAA2C10086D348 /* Constants.swift in Sources */,
				4968BE901CBBD3580094B53F /* PersistencyManager.swift in Sources */,
				492911811D9316E1000AC9E9 /* SearchHeaderViewCollectionReusableView.swift in Sources */,
			);
			runOnlyForDeploymentPostprocessing = 0;
		};
		492D08E21CBA7E930086D348 /* Sources */ = {
			isa = PBXSourcesBuildPhase;
			buildActionMask = 2147483647;
			files = (
				49D10A341DAFFCA70004C197 /* Marvel_HeroesTestsMVVM.swift in Sources */,
				492D08EB1CBA7E930086D348 /* Marvel_HeroesTests.swift in Sources */,
				49EB56E81DEE076B0029D685 /* ViewControllerTests.swift in Sources */,
				49D10A391DB005DB0004C197 /* SpyDelegate.swift in Sources */,
			);
			runOnlyForDeploymentPostprocessing = 0;
		};
		492D08ED1CBA7E930086D348 /* Sources */ = {
			isa = PBXSourcesBuildPhase;
			buildActionMask = 2147483647;
			files = (
				492D08F61CBA7E930086D348 /* Marvel_HeroesUITests.swift in Sources */,
			);
			runOnlyForDeploymentPostprocessing = 0;
		};
/* End PBXSourcesBuildPhase section */

/* Begin PBXTargetDependency section */
		492D08E81CBA7E930086D348 /* PBXTargetDependency */ = {
			isa = PBXTargetDependency;
			target = 492D08CF1CBA7E930086D348 /* Marvel Heroes */;
			targetProxy = 492D08E71CBA7E930086D348 /* PBXContainerItemProxy */;
		};
		492D08F31CBA7E930086D348 /* PBXTargetDependency */ = {
			isa = PBXTargetDependency;
			target = 492D08CF1CBA7E930086D348 /* Marvel Heroes */;
			targetProxy = 492D08F21CBA7E930086D348 /* PBXContainerItemProxy */;
		};
/* End PBXTargetDependency section */

/* Begin PBXVariantGroup section */
		492D08D91CBA7E930086D348 /* Main.storyboard */ = {
			isa = PBXVariantGroup;
			children = (
				492D08DA1CBA7E930086D348 /* Base */,
			);
			name = Main.storyboard;
			sourceTree = "<group>";
		};
		492D08DE1CBA7E930086D348 /* LaunchScreen.storyboard */ = {
			isa = PBXVariantGroup;
			children = (
				492D08DF1CBA7E930086D348 /* Base */,
			);
			name = LaunchScreen.storyboard;
			sourceTree = "<group>";
		};
/* End PBXVariantGroup section */

/* Begin XCBuildConfiguration section */
		492D08F81CBA7E930086D348 /* Debug */ = {
			isa = XCBuildConfiguration;
			buildSettings = {
				ALWAYS_SEARCH_USER_PATHS = NO;
				CLANG_ANALYZER_NONNULL = YES;
				CLANG_CXX_LANGUAGE_STANDARD = "gnu++0x";
				CLANG_CXX_LIBRARY = "libc++";
				CLANG_ENABLE_MODULES = YES;
				CLANG_ENABLE_OBJC_ARC = YES;
				CLANG_WARN_BOOL_CONVERSION = YES;
				CLANG_WARN_CONSTANT_CONVERSION = YES;
				CLANG_WARN_DIRECT_OBJC_ISA_USAGE = YES_ERROR;
				CLANG_WARN_EMPTY_BODY = YES;
				CLANG_WARN_ENUM_CONVERSION = YES;
				CLANG_WARN_INFINITE_RECURSION = YES;
				CLANG_WARN_INT_CONVERSION = YES;
				CLANG_WARN_OBJC_ROOT_CLASS = YES_ERROR;
				CLANG_WARN_SUSPICIOUS_MOVE = YES;
				CLANG_WARN_UNREACHABLE_CODE = YES;
				CLANG_WARN__DUPLICATE_METHOD_MATCH = YES;
				"CODE_SIGN_IDENTITY[sdk=iphoneos*]" = "iPhone Developer";
				COPY_PHASE_STRIP = NO;
				DEBUG_INFORMATION_FORMAT = dwarf;
				ENABLE_STRICT_OBJC_MSGSEND = YES;
				ENABLE_TESTABILITY = YES;
				GCC_C_LANGUAGE_STANDARD = gnu99;
				GCC_DYNAMIC_NO_PIC = NO;
				GCC_NO_COMMON_BLOCKS = YES;
				GCC_OPTIMIZATION_LEVEL = 0;
				GCC_PREPROCESSOR_DEFINITIONS = (
					"DEBUG=1",
					"$(inherited)",
				);
				GCC_WARN_64_TO_32_BIT_CONVERSION = YES;
				GCC_WARN_ABOUT_RETURN_TYPE = YES_ERROR;
				GCC_WARN_UNDECLARED_SELECTOR = YES;
				GCC_WARN_UNINITIALIZED_AUTOS = YES_AGGRESSIVE;
				GCC_WARN_UNUSED_FUNCTION = YES;
				GCC_WARN_UNUSED_VARIABLE = YES;
				IPHONEOS_DEPLOYMENT_TARGET = 10.0;
				MTL_ENABLE_DEBUG_INFO = YES;
				ONLY_ACTIVE_ARCH = YES;
				SDKROOT = iphoneos;
				SWIFT_OPTIMIZATION_LEVEL = "-Onone";
				SWIFT_VERSION = 3.0;
				TARGETED_DEVICE_FAMILY = "1,2";
			};
			name = Debug;
		};
		492D08F91CBA7E930086D348 /* Release */ = {
			isa = XCBuildConfiguration;
			buildSettings = {
				ALWAYS_SEARCH_USER_PATHS = NO;
				CLANG_ANALYZER_NONNULL = YES;
				CLANG_CXX_LANGUAGE_STANDARD = "gnu++0x";
				CLANG_CXX_LIBRARY = "libc++";
				CLANG_ENABLE_MODULES = YES;
				CLANG_ENABLE_OBJC_ARC = YES;
				CLANG_WARN_BOOL_CONVERSION = YES;
				CLANG_WARN_CONSTANT_CONVERSION = YES;
				CLANG_WARN_DIRECT_OBJC_ISA_USAGE = YES_ERROR;
				CLANG_WARN_EMPTY_BODY = YES;
				CLANG_WARN_ENUM_CONVERSION = YES;
				CLANG_WARN_INFINITE_RECURSION = YES;
				CLANG_WARN_INT_CONVERSION = YES;
				CLANG_WARN_OBJC_ROOT_CLASS = YES_ERROR;
				CLANG_WARN_SUSPICIOUS_MOVE = YES;
				CLANG_WARN_UNREACHABLE_CODE = YES;
				CLANG_WARN__DUPLICATE_METHOD_MATCH = YES;
				"CODE_SIGN_IDENTITY[sdk=iphoneos*]" = "iPhone Developer";
				COPY_PHASE_STRIP = NO;
				DEBUG_INFORMATION_FORMAT = "dwarf-with-dsym";
				ENABLE_NS_ASSERTIONS = NO;
				ENABLE_STRICT_OBJC_MSGSEND = YES;
				GCC_C_LANGUAGE_STANDARD = gnu99;
				GCC_NO_COMMON_BLOCKS = YES;
				GCC_WARN_64_TO_32_BIT_CONVERSION = YES;
				GCC_WARN_ABOUT_RETURN_TYPE = YES_ERROR;
				GCC_WARN_UNDECLARED_SELECTOR = YES;
				GCC_WARN_UNINITIALIZED_AUTOS = YES_AGGRESSIVE;
				GCC_WARN_UNUSED_FUNCTION = YES;
				GCC_WARN_UNUSED_VARIABLE = YES;
				IPHONEOS_DEPLOYMENT_TARGET = 10.0;
				MTL_ENABLE_DEBUG_INFO = NO;
				SDKROOT = iphoneos;
				SWIFT_VERSION = 3.0;
				TARGETED_DEVICE_FAMILY = "1,2";
				VALIDATE_PRODUCT = YES;
			};
			name = Release;
		};
		492D08FB1CBA7E930086D348 /* Debug */ = {
			isa = XCBuildConfiguration;
			buildSettings = {
				ASSETCATALOG_COMPILER_APPICON_NAME = AppIcon;
				"CODE_SIGN_IDENTITY[sdk=iphoneos*]" = "iPhone Developer";
				DEVELOPMENT_TEAM = GM2F4EG66J;
				FRAMEWORK_SEARCH_PATHS = (
					"$(inherited)",
					"$(PROJECT_DIR)",
				);
				INFOPLIST_FILE = "Marvel Heroes/Info.plist";
				IPHONEOS_DEPLOYMENT_TARGET = 10.0;
				LD_RUNPATH_SEARCH_PATHS = "$(inherited) @executable_path/Frameworks";
				PRODUCT_BUNDLE_IDENTIFIER = "MHS.com.spm.Marvel-Heroes";
				PRODUCT_NAME = "$(TARGET_NAME)";
				SWIFT_OBJC_BRIDGING_HEADER = "Bridging-Header.h";
				SWIFT_VERSION = 4.0;
			};
			name = Debug;
		};
		492D08FC1CBA7E930086D348 /* Release */ = {
			isa = XCBuildConfiguration;
			buildSettings = {
				ASSETCATALOG_COMPILER_APPICON_NAME = AppIcon;
				"CODE_SIGN_IDENTITY[sdk=iphoneos*]" = "iPhone Developer";
				DEVELOPMENT_TEAM = GM2F4EG66J;
				FRAMEWORK_SEARCH_PATHS = (
					"$(inherited)",
					"$(PROJECT_DIR)",
				);
				INFOPLIST_FILE = "Marvel Heroes/Info.plist";
				IPHONEOS_DEPLOYMENT_TARGET = 10.0;
				LD_RUNPATH_SEARCH_PATHS = "$(inherited) @executable_path/Frameworks";
				PRODUCT_BUNDLE_IDENTIFIER = "MHS.com.spm.Marvel-Heroes";
				PRODUCT_NAME = "$(TARGET_NAME)";
				SWIFT_OBJC_BRIDGING_HEADER = "Bridging-Header.h";
				SWIFT_OPTIMIZATION_LEVEL = "-Owholemodule";
				SWIFT_VERSION = 4.0;
			};
			name = Release;
		};
		492D08FE1CBA7E930086D348 /* Debug */ = {
			isa = XCBuildConfiguration;
			buildSettings = {
				BUNDLE_LOADER = "$(TEST_HOST)";
				DEVELOPMENT_TEAM = GM2F4EG66J;
				INFOPLIST_FILE = "Marvel HeroesTests/Info.plist";
				LD_RUNPATH_SEARCH_PATHS = "$(inherited) @executable_path/Frameworks @loader_path/Frameworks";
				PRODUCT_BUNDLE_IDENTIFIER = "MHS.com.spm.Marvel-HeroesTests";
				PRODUCT_NAME = "$(TARGET_NAME)";
				SWIFT_VERSION = 4.0;
				TEST_HOST = "$(BUILT_PRODUCTS_DIR)/Marvel Heroes.app/Marvel Heroes";
			};
			name = Debug;
		};
		492D08FF1CBA7E930086D348 /* Release */ = {
			isa = XCBuildConfiguration;
			buildSettings = {
				BUNDLE_LOADER = "$(TEST_HOST)";
				DEVELOPMENT_TEAM = GM2F4EG66J;
				INFOPLIST_FILE = "Marvel HeroesTests/Info.plist";
				LD_RUNPATH_SEARCH_PATHS = "$(inherited) @executable_path/Frameworks @loader_path/Frameworks";
				PRODUCT_BUNDLE_IDENTIFIER = "MHS.com.spm.Marvel-HeroesTests";
				PRODUCT_NAME = "$(TARGET_NAME)";
				SWIFT_OPTIMIZATION_LEVEL = "-Owholemodule";
				SWIFT_VERSION = 4.0;
				TEST_HOST = "$(BUILT_PRODUCTS_DIR)/Marvel Heroes.app/Marvel Heroes";
			};
			name = Release;
		};
		492D09011CBA7E930086D348 /* Debug */ = {
			isa = XCBuildConfiguration;
			buildSettings = {
				DEVELOPMENT_TEAM = GM2F4EG66J;
				INFOPLIST_FILE = "Marvel HeroesUITests/Info.plist";
				LD_RUNPATH_SEARCH_PATHS = "$(inherited) @executable_path/Frameworks @loader_path/Frameworks";
				PRODUCT_BUNDLE_IDENTIFIER = "MHS.com.spm.Marvel-HeroesUITests";
				PRODUCT_NAME = "$(TARGET_NAME)";
				SWIFT_VERSION = 4.0;
				TEST_TARGET_NAME = "Marvel Heroes";
			};
			name = Debug;
		};
		492D09021CBA7E930086D348 /* Release */ = {
			isa = XCBuildConfiguration;
			buildSettings = {
				DEVELOPMENT_TEAM = GM2F4EG66J;
				INFOPLIST_FILE = "Marvel HeroesUITests/Info.plist";
				LD_RUNPATH_SEARCH_PATHS = "$(inherited) @executable_path/Frameworks @loader_path/Frameworks";
				PRODUCT_BUNDLE_IDENTIFIER = "MHS.com.spm.Marvel-HeroesUITests";
				PRODUCT_NAME = "$(TARGET_NAME)";
				SWIFT_OPTIMIZATION_LEVEL = "-Owholemodule";
				SWIFT_VERSION = 4.0;
				TEST_TARGET_NAME = "Marvel Heroes";
			};
			name = Release;
		};
/* End XCBuildConfiguration section */

/* Begin XCConfigurationList section */
		492D08CB1CBA7E930086D348 /* Build configuration list for PBXProject "Marvel Heroes" */ = {
			isa = XCConfigurationList;
			buildConfigurations = (
				492D08F81CBA7E930086D348 /* Debug */,
				492D08F91CBA7E930086D348 /* Release */,
			);
			defaultConfigurationIsVisible = 0;
			defaultConfigurationName = Release;
		};
		492D08FA1CBA7E930086D348 /* Build configuration list for PBXNativeTarget "Marvel Heroes" */ = {
			isa = XCConfigurationList;
			buildConfigurations = (
				492D08FB1CBA7E930086D348 /* Debug */,
				492D08FC1CBA7E930086D348 /* Release */,
			);
			defaultConfigurationIsVisible = 0;
			defaultConfigurationName = Release;
		};
		492D08FD1CBA7E930086D348 /* Build configuration list for PBXNativeTarget "Marvel HeroesTests" */ = {
			isa = XCConfigurationList;
			buildConfigurations = (
				492D08FE1CBA7E930086D348 /* Debug */,
				492D08FF1CBA7E930086D348 /* Release */,
			);
			defaultConfigurationIsVisible = 0;
			defaultConfigurationName = Release;
		};
		492D09001CBA7E930086D348 /* Build configuration list for PBXNativeTarget "Marvel HeroesUITests" */ = {
			isa = XCConfigurationList;
			buildConfigurations = (
				492D09011CBA7E930086D348 /* Debug */,
				492D09021CBA7E930086D348 /* Release */,
			);
			defaultConfigurationIsVisible = 0;
			defaultConfigurationName = Release;
		};
/* End XCConfigurationList section */
	};
	rootObject = 492D08C81CBA7E930086D348 /* Project object */;
}
